// !$*UTF8*$!
{
	archiveVersion = 1;
	classes = {
	};
	objectVersion = 46;
	objects = {

/* Begin PBXBuildFile section */
		41359C891AC2FC80002066EE /* TimeViewCell.swift in Sources */ = {isa = PBXBuildFile; fileRef = 41359C881AC2FC80002066EE /* TimeViewCell.swift */; };
		5A307D491AC0B95D0040AC3C /* Response.swift in Sources */ = {isa = PBXBuildFile; fileRef = 5A307D481AC0B95D0040AC3C /* Response.swift */; };
		5A5A860D1AB8A35C00ED3BF2 /* Main.storyboard in Resources */ = {isa = PBXBuildFile; fileRef = 5A5A860B1AB8A35C00ED3BF2 /* Main.storyboard */; };
		5ACF2D311AC31D0F0035C001 /* MPCManager.swift in Sources */ = {isa = PBXBuildFile; fileRef = 5ACF2D301AC31D0F0035C001 /* MPCManager.swift */; };
		5ACF2D361AC31D370035C001 /* HelpViewController.swift in Sources */ = {isa = PBXBuildFile; fileRef = 5ACF2D321AC31D370035C001 /* HelpViewController.swift */; };
		5ACF2D371AC31D370035C001 /* MatchViewController.swift in Sources */ = {isa = PBXBuildFile; fileRef = 5ACF2D331AC31D370035C001 /* MatchViewController.swift */; };
		5ACF2D381AC31D370035C001 /* ResultViewController.swift in Sources */ = {isa = PBXBuildFile; fileRef = 5ACF2D341AC31D370035C001 /* ResultViewController.swift */; };
		5ACF2D391AC31D370035C001 /* ScheduleViewController.swift in Sources */ = {isa = PBXBuildFile; fileRef = 5ACF2D351AC31D370035C001 /* ScheduleViewController.swift */; };
		5ACF2D3C1AC31DD70035C001 /* LaunchScreen.xib in Resources */ = {isa = PBXBuildFile; fileRef = 5ACF2D3A1AC31DD70035C001 /* LaunchScreen.xib */; };
		5ACF2D3E1AC31F6A0035C001 /* AppDelegate.swift in Sources */ = {isa = PBXBuildFile; fileRef = 5ACF2D3D1AC31F6A0035C001 /* AppDelegate.swift */; };
		5ACF2D421AC31F950035C001 /* schedule.plist in Resources */ = {isa = PBXBuildFile; fileRef = 5ACF2D401AC31F950035C001 /* schedule.plist */; };
		5ACF2D471AC31FAA0035C001 /* calendar.png in Resources */ = {isa = PBXBuildFile; fileRef = 5ACF2D431AC31FAA0035C001 /* calendar.png */; };
		5ACF2D481AC31FAA0035C001 /* find.png in Resources */ = {isa = PBXBuildFile; fileRef = 5ACF2D441AC31FAA0035C001 /* find.png */; };
		5ACF2D491AC31FAA0035C001 /* help1.png in Resources */ = {isa = PBXBuildFile; fileRef = 5ACF2D451AC31FAA0035C001 /* help1.png */; };
		5ACF2D4A1AC31FAA0035C001 /* icone_pronto.png in Resources */ = {isa = PBXBuildFile; fileRef = 5ACF2D461AC31FAA0035C001 /* icone_pronto.png */; };
		5ACF2D4C1AC31FD80035C001 /* Info.plist in Resources */ = {isa = PBXBuildFile; fileRef = 5ACF2D4B1AC31FD80035C001 /* Info.plist */; };
		5ACF2D4E1AC320570035C001 /* ResultTableViewCell.swift in Sources */ = {isa = PBXBuildFile; fileRef = 5ACF2D4D1AC320570035C001 /* ResultTableViewCell.swift */; };
		5ADE16661AB62ED300D5392E /* ScheduleDao.swift in Sources */ = {isa = PBXBuildFile; fileRef = 5ADE16651AB62ED300D5392E /* ScheduleDao.swift */; };
		5ADE16681AB62EDE00D5392E /* Time.swift in Sources */ = {isa = PBXBuildFile; fileRef = 5ADE16671AB62EDE00D5392E /* Time.swift */; };
		5ADE166A1AB62EE900D5392E /* JSONService.swift in Sources */ = {isa = PBXBuildFile; fileRef = 5ADE16691AB62EE900D5392E /* JSONService.swift */; };
		5ADE166F1AB62F8300D5392E /* ScheduleService.swift in Sources */ = {isa = PBXBuildFile; fileRef = 5ADE166E1AB62F8300D5392E /* ScheduleService.swift */; };
		C04365661A626BA0000E0F15 /* Images.xcassets in Resources */ = {isa = PBXBuildFile; fileRef = C04365651A626BA0000E0F15 /* Images.xcassets */; };
		C04365751A626BA1000E0F15 /* MPCRevisitedTests.swift in Sources */ = {isa = PBXBuildFile; fileRef = C04365741A626BA1000E0F15 /* MPCRevisitedTests.swift */; };
/* End PBXBuildFile section */

/* Begin PBXContainerItemProxy section */
		C043656F1A626BA1000E0F15 /* PBXContainerItemProxy */ = {
			isa = PBXContainerItemProxy;
			containerPortal = C04365511A626BA0000E0F15 /* Project object */;
			proxyType = 1;
			remoteGlobalIDString = C04365581A626BA0000E0F15;
			remoteInfo = MPCRevisited;
		};
/* End PBXContainerItemProxy section */

/* Begin PBXFileReference section */
		41359C881AC2FC80002066EE /* TimeViewCell.swift */ = {isa = PBXFileReference; fileEncoding = 4; lastKnownFileType = sourcecode.swift; name = TimeViewCell.swift; path = model/TimeViewCell.swift; sourceTree = "<group>"; };
		5A307D481AC0B95D0040AC3C /* Response.swift */ = {isa = PBXFileReference; fileEncoding = 4; lastKnownFileType = sourcecode.swift; name = Response.swift; path = model/Response.swift; sourceTree = "<group>"; };
		5A5A860C1AB8A35C00ED3BF2 /* Base */ = {isa = PBXFileReference; lastKnownFileType = file.storyboard; name = Base; path = Base.lproj/Main.storyboard; sourceTree = "<group>"; };
		5ACF2D301AC31D0F0035C001 /* MPCManager.swift */ = {isa = PBXFileReference; fileEncoding = 4; lastKnownFileType = sourcecode.swift; name = MPCManager.swift; path = service/MPCManager.swift; sourceTree = "<group>"; };
		5ACF2D321AC31D370035C001 /* HelpViewController.swift */ = {isa = PBXFileReference; fileEncoding = 4; lastKnownFileType = sourcecode.swift; name = HelpViewController.swift; path = controller/HelpViewController.swift; sourceTree = "<group>"; };
		5ACF2D331AC31D370035C001 /* MatchViewController.swift */ = {isa = PBXFileReference; fileEncoding = 4; lastKnownFileType = sourcecode.swift; name = MatchViewController.swift; path = controller/MatchViewController.swift; sourceTree = "<group>"; };
		5ACF2D341AC31D370035C001 /* ResultViewController.swift */ = {isa = PBXFileReference; fileEncoding = 4; lastKnownFileType = sourcecode.swift; name = ResultViewController.swift; path = controller/ResultViewController.swift; sourceTree = "<group>"; };
		5ACF2D351AC31D370035C001 /* ScheduleViewController.swift */ = {isa = PBXFileReference; fileEncoding = 4; lastKnownFileType = sourcecode.swift; name = ScheduleViewController.swift; path = controller/ScheduleViewController.swift; sourceTree = "<group>"; };
		5ACF2D3B1AC31DD70035C001 /* Base */ = {isa = PBXFileReference; lastKnownFileType = file.xib; name = Base; path = Base.lproj/LaunchScreen.xib; sourceTree = "<group>"; };
		5ACF2D3D1AC31F6A0035C001 /* AppDelegate.swift */ = {isa = PBXFileReference; fileEncoding = 4; lastKnownFileType = sourcecode.swift; name = AppDelegate.swift; path = "Supporting Files/AppDelegate.swift"; sourceTree = "<group>"; };
		5ACF2D401AC31F950035C001 /* schedule.plist */ = {isa = PBXFileReference; fileEncoding = 4; lastKnownFileType = text.plist.xml; name = schedule.plist; path = "Supporting Files/plist/schedule.plist"; sourceTree = "<group>"; };
		5ACF2D431AC31FAA0035C001 /* calendar.png */ = {isa = PBXFileReference; lastKnownFileType = image.png; name = calendar.png; path = "Supporting Files/images/calendar.png"; sourceTree = "<group>"; };
		5ACF2D441AC31FAA0035C001 /* find.png */ = {isa = PBXFileReference; lastKnownFileType = image.png; name = find.png; path = "Supporting Files/images/find.png"; sourceTree = "<group>"; };
		5ACF2D451AC31FAA0035C001 /* help1.png */ = {isa = PBXFileReference; lastKnownFileType = image.png; name = help1.png; path = "Supporting Files/images/help1.png"; sourceTree = "<group>"; };
		5ACF2D461AC31FAA0035C001 /* icone_pronto.png */ = {isa = PBXFileReference; lastKnownFileType = image.png; name = icone_pronto.png; path = "Supporting Files/images/icone_pronto.png"; sourceTree = "<group>"; };
		5ACF2D4B1AC31FD80035C001 /* Info.plist */ = {isa = PBXFileReference; fileEncoding = 4; lastKnownFileType = text.plist.xml; path = Info.plist; sourceTree = "<group>"; };
		5ACF2D4D1AC320570035C001 /* ResultTableViewCell.swift */ = {isa = PBXFileReference; fileEncoding = 4; lastKnownFileType = sourcecode.swift; name = ResultTableViewCell.swift; path = model/ResultTableViewCell.swift; sourceTree = "<group>"; };
		5ADE16651AB62ED300D5392E /* ScheduleDao.swift */ = {isa = PBXFileReference; fileEncoding = 4; lastKnownFileType = sourcecode.swift; name = ScheduleDao.swift; path = dao/ScheduleDao.swift; sourceTree = "<group>"; };
		5ADE16671AB62EDE00D5392E /* Time.swift */ = {isa = PBXFileReference; fileEncoding = 4; lastKnownFileType = sourcecode.swift; name = Time.swift; path = model/Time.swift; sourceTree = "<group>"; };
		5ADE16691AB62EE900D5392E /* JSONService.swift */ = {isa = PBXFileReference; fileEncoding = 4; lastKnownFileType = sourcecode.swift; name = JSONService.swift; path = service/JSONService.swift; sourceTree = "<group>"; };
		5ADE166E1AB62F8300D5392E /* ScheduleService.swift */ = {isa = PBXFileReference; fileEncoding = 4; lastKnownFileType = sourcecode.swift; name = ScheduleService.swift; path = service/ScheduleService.swift; sourceTree = "<group>"; };
		C04365591A626BA0000E0F15 /* GroupMatch.app */ = {isa = PBXFileReference; explicitFileType = wrapper.application; includeInIndex = 0; path = GroupMatch.app; sourceTree = BUILT_PRODUCTS_DIR; };
		C04365651A626BA0000E0F15 /* Images.xcassets */ = {isa = PBXFileReference; lastKnownFileType = folder.assetcatalog; path = Images.xcassets; sourceTree = "<group>"; };
		C043656E1A626BA1000E0F15 /* GroupMatchTests.xctest */ = {isa = PBXFileReference; explicitFileType = wrapper.cfbundle; includeInIndex = 0; path = GroupMatchTests.xctest; sourceTree = BUILT_PRODUCTS_DIR; };
		C04365731A626BA1000E0F15 /* Info.plist */ = {isa = PBXFileReference; lastKnownFileType = text.plist.xml; path = Info.plist; sourceTree = "<group>"; };
		C04365741A626BA1000E0F15 /* MPCRevisitedTests.swift */ = {isa = PBXFileReference; lastKnownFileType = sourcecode.swift; path = MPCRevisitedTests.swift; sourceTree = "<group>"; };
/* End PBXFileReference section */

/* Begin PBXFrameworksBuildPhase section */
		C04365561A626BA0000E0F15 /* Frameworks */ = {
			isa = PBXFrameworksBuildPhase;
			buildActionMask = 2147483647;
			files = (
			);
			runOnlyForDeploymentPostprocessing = 0;
		};
		C043656B1A626BA1000E0F15 /* Frameworks */ = {
			isa = PBXFrameworksBuildPhase;
			buildActionMask = 2147483647;
			files = (
			);
			runOnlyForDeploymentPostprocessing = 0;
		};
/* End PBXFrameworksBuildPhase section */

/* Begin PBXGroup section */
		4FB7BCBB1ABA328000106098 /* Images */ = {
			isa = PBXGroup;
			children = (
				5ACF2D431AC31FAA0035C001 /* calendar.png */,
				5ACF2D441AC31FAA0035C001 /* find.png */,
				5ACF2D451AC31FAA0035C001 /* help1.png */,
				5ACF2D461AC31FAA0035C001 /* icone_pronto.png */,
			);
			name = Images;
			sourceTree = "<group>";
		};
		4FB7BCBC1ABA329500106098 /* PLists */ = {
			isa = PBXGroup;
			children = (
				5ACF2D4B1AC31FD80035C001 /* Info.plist */,
				5ACF2D401AC31F950035C001 /* schedule.plist */,
			);
			name = PLists;
			sourceTree = "<group>";
		};
		5A3ADEB81ABB6FFF00853E40 /* controller */ = {
			isa = PBXGroup;
			children = (
				5ACF2D321AC31D370035C001 /* HelpViewController.swift */,
				5ACF2D331AC31D370035C001 /* MatchViewController.swift */,
				5ACF2D341AC31D370035C001 /* ResultViewController.swift */,
				5ACF2D351AC31D370035C001 /* ScheduleViewController.swift */,
			);
			name = controller;
			sourceTree = "<group>";
		};
		5ADE166B1AB62EF100D5392E /* dao */ = {
			isa = PBXGroup;
			children = (
				5ADE16651AB62ED300D5392E /* ScheduleDao.swift */,
			);
			name = dao;
			sourceTree = "<group>";
		};
		5ADE166C1AB62EF900D5392E /* service */ = {
			isa = PBXGroup;
			children = (
				5ACF2D301AC31D0F0035C001 /* MPCManager.swift */,
				5ADE166E1AB62F8300D5392E /* ScheduleService.swift */,
				5ADE16691AB62EE900D5392E /* JSONService.swift */,
			);
			name = service;
			sourceTree = "<group>";
		};
		5ADE166D1AB62F0300D5392E /* model */ = {
			isa = PBXGroup;
			children = (
				5ACF2D4D1AC320570035C001 /* ResultTableViewCell.swift */,
				41359C881AC2FC80002066EE /* TimeViewCell.swift */,
				5A307D481AC0B95D0040AC3C /* Response.swift */,
				5ADE16671AB62EDE00D5392E /* Time.swift */,
			);
			name = model;
			sourceTree = "<group>";
		};
		C04365501A626BA0000E0F15 = {
			isa = PBXGroup;
			children = (
				C043655B1A626BA0000E0F15 /* MPCRevisited */,
				C04365711A626BA1000E0F15 /* MPCRevisitedTests */,
				C043655A1A626BA0000E0F15 /* Products */,
			);
			sourceTree = "<group>";
		};
		C043655A1A626BA0000E0F15 /* Products */ = {
			isa = PBXGroup;
			children = (
				C04365591A626BA0000E0F15 /* GroupMatch.app */,
				C043656E1A626BA1000E0F15 /* GroupMatchTests.xctest */,
			);
			name = Products;
			sourceTree = "<group>";
		};
		C043655B1A626BA0000E0F15 /* MPCRevisited */ = {
			isa = PBXGroup;
			children = (
				5ADE166D1AB62F0300D5392E /* model */,
				5ADE166C1AB62EF900D5392E /* service */,
				5ADE166B1AB62EF100D5392E /* dao */,
				5A3ADEB81ABB6FFF00853E40 /* controller */,
				C043655C1A626BA0000E0F15 /* Supporting Files */,
			);
			path = MPCRevisited;
			sourceTree = "<group>";
		};
		C043655C1A626BA0000E0F15 /* Supporting Files */ = {
			isa = PBXGroup;
			children = (
				4FB7BCBC1ABA329500106098 /* PLists */,
				4FB7BCBB1ABA328000106098 /* Images */,
				5ACF2D3A1AC31DD70035C001 /* LaunchScreen.xib */,
				5A5A860B1AB8A35C00ED3BF2 /* Main.storyboard */,
				5ACF2D3D1AC31F6A0035C001 /* AppDelegate.swift */,
				C04365651A626BA0000E0F15 /* Images.xcassets */,
			);
			name = "Supporting Files";
			sourceTree = "<group>";
		};
		C04365711A626BA1000E0F15 /* MPCRevisitedTests */ = {
			isa = PBXGroup;
			children = (
				C04365741A626BA1000E0F15 /* MPCRevisitedTests.swift */,
				C04365721A626BA1000E0F15 /* Supporting Files */,
			);
			path = MPCRevisitedTests;
			sourceTree = "<group>";
		};
		C04365721A626BA1000E0F15 /* Supporting Files */ = {
			isa = PBXGroup;
			children = (
				C04365731A626BA1000E0F15 /* Info.plist */,
			);
			name = "Supporting Files";
			sourceTree = "<group>";
		};
/* End PBXGroup section */

/* Begin PBXNativeTarget section */
		C04365581A626BA0000E0F15 /* GroupMatch */ = {
			isa = PBXNativeTarget;
			buildConfigurationList = C04365781A626BA1000E0F15 /* Build configuration list for PBXNativeTarget "GroupMatch" */;
			buildPhases = (
				C04365551A626BA0000E0F15 /* Sources */,
				C04365561A626BA0000E0F15 /* Frameworks */,
				C04365571A626BA0000E0F15 /* Resources */,
			);
			buildRules = (
			);
			dependencies = (
			);
			name = GroupMatch;
			productName = MPCRevisited;
			productReference = C04365591A626BA0000E0F15 /* GroupMatch.app */;
			productType = "com.apple.product-type.application";
		};
		C043656D1A626BA1000E0F15 /* GroupMatchTests */ = {
			isa = PBXNativeTarget;
			buildConfigurationList = C043657B1A626BA1000E0F15 /* Build configuration list for PBXNativeTarget "GroupMatchTests" */;
			buildPhases = (
				C043656A1A626BA1000E0F15 /* Sources */,
				C043656B1A626BA1000E0F15 /* Frameworks */,
				C043656C1A626BA1000E0F15 /* Resources */,
			);
			buildRules = (
			);
			dependencies = (
				C04365701A626BA1000E0F15 /* PBXTargetDependency */,
			);
			name = GroupMatchTests;
			productName = MPCRevisitedTests;
			productReference = C043656E1A626BA1000E0F15 /* GroupMatchTests.xctest */;
			productType = "com.apple.product-type.bundle.unit-test";
		};
/* End PBXNativeTarget section */

/* Begin PBXProject section */
		C04365511A626BA0000E0F15 /* Project object */ = {
			isa = PBXProject;
			attributes = {
				LastUpgradeCheck = 0610;
				ORGANIZATIONNAME = Appcoda;
				TargetAttributes = {
					C04365581A626BA0000E0F15 = {
						CreatedOnToolsVersion = 6.1.1;
						DevelopmentTeam = 23U2PRENXT;
					};
					C043656D1A626BA1000E0F15 = {
						CreatedOnToolsVersion = 6.1.1;
						DevelopmentTeam = D4QEWF5RB3;
						TestTargetID = C04365581A626BA0000E0F15;
					};
				};
			};
			buildConfigurationList = C04365541A626BA0000E0F15 /* Build configuration list for PBXProject "GroupMatch" */;
			compatibilityVersion = "Xcode 3.2";
			developmentRegion = English;
			hasScannedForEncodings = 0;
			knownRegions = (
				en,
				Base,
			);
			mainGroup = C04365501A626BA0000E0F15;
			productRefGroup = C043655A1A626BA0000E0F15 /* Products */;
			projectDirPath = "";
			projectRoot = "";
			targets = (
				C04365581A626BA0000E0F15 /* GroupMatch */,
				C043656D1A626BA1000E0F15 /* GroupMatchTests */,
			);
		};
/* End PBXProject section */

/* Begin PBXResourcesBuildPhase section */
		C04365571A626BA0000E0F15 /* Resources */ = {
			isa = PBXResourcesBuildPhase;
			buildActionMask = 2147483647;
			files = (
				5ACF2D491AC31FAA0035C001 /* help1.png in Resources */,
				C04365661A626BA0000E0F15 /* Images.xcassets in Resources */,
				5ACF2D4C1AC31FD80035C001 /* Info.plist in Resources */,
				5ACF2D421AC31F950035C001 /* schedule.plist in Resources */,
				5ACF2D481AC31FAA0035C001 /* find.png in Resources */,
				5ACF2D4A1AC31FAA0035C001 /* icone_pronto.png in Resources */,
				5ACF2D3C1AC31DD70035C001 /* LaunchScreen.xib in Resources */,
				5A5A860D1AB8A35C00ED3BF2 /* Main.storyboard in Resources */,
				5ACF2D471AC31FAA0035C001 /* calendar.png in Resources */,
			);
			runOnlyForDeploymentPostprocessing = 0;
		};
		C043656C1A626BA1000E0F15 /* Resources */ = {
			isa = PBXResourcesBuildPhase;
			buildActionMask = 2147483647;
			files = (
			);
			runOnlyForDeploymentPostprocessing = 0;
		};
/* End PBXResourcesBuildPhase section */

/* Begin PBXSourcesBuildPhase section */
		C04365551A626BA0000E0F15 /* Sources */ = {
			isa = PBXSourcesBuildPhase;
			buildActionMask = 2147483647;
			files = (
				5ACF2D391AC31D370035C001 /* ScheduleViewController.swift in Sources */,
				5ACF2D4E1AC320570035C001 /* ResultTableViewCell.swift in Sources */,
				5ADE16661AB62ED300D5392E /* ScheduleDao.swift in Sources */,
				5ADE16681AB62EDE00D5392E /* Time.swift in Sources */,
				5A307D491AC0B95D0040AC3C /* Response.swift in Sources */,
				5ACF2D311AC31D0F0035C001 /* MPCManager.swift in Sources */,
				5ADE166A1AB62EE900D5392E /* JSONService.swift in Sources */,
				5ADE166F1AB62F8300D5392E /* ScheduleService.swift in Sources */,
				5ACF2D3E1AC31F6A0035C001 /* AppDelegate.swift in Sources */,
				5ACF2D371AC31D370035C001 /* MatchViewController.swift in Sources */,
				41359C891AC2FC80002066EE /* TimeViewCell.swift in Sources */,
				5ACF2D361AC31D370035C001 /* HelpViewController.swift in Sources */,
				5ACF2D381AC31D370035C001 /* ResultViewController.swift in Sources */,
			);
			runOnlyForDeploymentPostprocessing = 0;
		};
		C043656A1A626BA1000E0F15 /* Sources */ = {
			isa = PBXSourcesBuildPhase;
			buildActionMask = 2147483647;
			files = (
				C04365751A626BA1000E0F15 /* MPCRevisitedTests.swift in Sources */,
			);
			runOnlyForDeploymentPostprocessing = 0;
		};
/* End PBXSourcesBuildPhase section */

/* Begin PBXTargetDependency section */
		C04365701A626BA1000E0F15 /* PBXTargetDependency */ = {
			isa = PBXTargetDependency;
			target = C04365581A626BA0000E0F15 /* GroupMatch */;
			targetProxy = C043656F1A626BA1000E0F15 /* PBXContainerItemProxy */;
		};
/* End PBXTargetDependency section */

/* Begin PBXVariantGroup section */
		5A5A860B1AB8A35C00ED3BF2 /* Main.storyboard */ = {
			isa = PBXVariantGroup;
			children = (
				5A5A860C1AB8A35C00ED3BF2 /* Base */,
			);
			name = Main.storyboard;
			sourceTree = "<group>";
		};
		5ACF2D3A1AC31DD70035C001 /* LaunchScreen.xib */ = {
			isa = PBXVariantGroup;
			children = (
				5ACF2D3B1AC31DD70035C001 /* Base */,
			);
			name = LaunchScreen.xib;
			sourceTree = "<group>";
		};
/* End PBXVariantGroup section */

/* Begin XCBuildConfiguration section */
		C04365761A626BA1000E0F15 /* Debug */ = {
			isa = XCBuildConfiguration;
			buildSettings = {
				ALWAYS_SEARCH_USER_PATHS = NO;
				CLANG_CXX_LANGUAGE_STANDARD = "gnu++0x";
				CLANG_CXX_LIBRARY = "libc++";
				CLANG_ENABLE_MODULES = YES;
				CLANG_ENABLE_OBJC_ARC = YES;
				CLANG_WARN_BOOL_CONVERSION = YES;
				CLANG_WARN_CONSTANT_CONVERSION = YES;
				CLANG_WARN_DIRECT_OBJC_ISA_USAGE = YES_ERROR;
				CLANG_WARN_EMPTY_BODY = YES;
				CLANG_WARN_ENUM_CONVERSION = YES;
				CLANG_WARN_INT_CONVERSION = YES;
				CLANG_WARN_OBJC_ROOT_CLASS = YES_ERROR;
				CLANG_WARN_UNREACHABLE_CODE = YES;
				CLANG_WARN__DUPLICATE_METHOD_MATCH = YES;
				"CODE_SIGN_IDENTITY[sdk=iphoneos*]" = "iPhone Developer";
				COPY_PHASE_STRIP = NO;
				ENABLE_STRICT_OBJC_MSGSEND = YES;
				GCC_C_LANGUAGE_STANDARD = gnu99;
				GCC_DYNAMIC_NO_PIC = NO;
				GCC_OPTIMIZATION_LEVEL = 0;
				GCC_PREPROCESSOR_DEFINITIONS = (
					"DEBUG=1",
					"$(inherited)",
				);
				GCC_SYMBOLS_PRIVATE_EXTERN = NO;
				GCC_WARN_64_TO_32_BIT_CONVERSION = YES;
				GCC_WARN_ABOUT_RETURN_TYPE = YES_ERROR;
				GCC_WARN_UNDECLARED_SELECTOR = YES;
				GCC_WARN_UNINITIALIZED_AUTOS = YES_AGGRESSIVE;
				GCC_WARN_UNUSED_FUNCTION = YES;
				GCC_WARN_UNUSED_VARIABLE = YES;
				IPHONEOS_DEPLOYMENT_TARGET = 8.1;
				MTL_ENABLE_DEBUG_INFO = YES;
				ONLY_ACTIVE_ARCH = YES;
				SDKROOT = iphoneos;
				SWIFT_OPTIMIZATION_LEVEL = "-Onone";
			};
			name = Debug;
		};
		C04365771A626BA1000E0F15 /* Release */ = {
			isa = XCBuildConfiguration;
			buildSettings = {
				ALWAYS_SEARCH_USER_PATHS = NO;
				CLANG_CXX_LANGUAGE_STANDARD = "gnu++0x";
				CLANG_CXX_LIBRARY = "libc++";
				CLANG_ENABLE_MODULES = YES;
				CLANG_ENABLE_OBJC_ARC = YES;
				CLANG_WARN_BOOL_CONVERSION = YES;
				CLANG_WARN_CONSTANT_CONVERSION = YES;
				CLANG_WARN_DIRECT_OBJC_ISA_USAGE = YES_ERROR;
				CLANG_WARN_EMPTY_BODY = YES;
				CLANG_WARN_ENUM_CONVERSION = YES;
				CLANG_WARN_INT_CONVERSION = YES;
				CLANG_WARN_OBJC_ROOT_CLASS = YES_ERROR;
				CLANG_WARN_UNREACHABLE_CODE = YES;
				CLANG_WARN__DUPLICATE_METHOD_MATCH = YES;
				"CODE_SIGN_IDENTITY[sdk=iphoneos*]" = "iPhone Developer";
				COPY_PHASE_STRIP = YES;
				ENABLE_NS_ASSERTIONS = NO;
				ENABLE_STRICT_OBJC_MSGSEND = YES;
				GCC_C_LANGUAGE_STANDARD = gnu99;
				GCC_WARN_64_TO_32_BIT_CONVERSION = YES;
				GCC_WARN_ABOUT_RETURN_TYPE = YES_ERROR;
				GCC_WARN_UNDECLARED_SELECTOR = YES;
				GCC_WARN_UNINITIALIZED_AUTOS = YES_AGGRESSIVE;
				GCC_WARN_UNUSED_FUNCTION = YES;
				GCC_WARN_UNUSED_VARIABLE = YES;
				IPHONEOS_DEPLOYMENT_TARGET = 8.1;
				MTL_ENABLE_DEBUG_INFO = NO;
				SDKROOT = iphoneos;
				VALIDATE_PRODUCT = YES;
			};
			name = Release;
		};
		C04365791A626BA1000E0F15 /* Debug */ = {
			isa = XCBuildConfiguration;
			buildSettings = {
				ASSETCATALOG_COMPILER_APPICON_NAME = AppIcon;
				CODE_SIGN_IDENTITY = "iPhone Developer";
				"CODE_SIGN_IDENTITY[sdk=iphoneos*]" = "iPhone Developer";
				INFOPLIST_FILE = MPCRevisited/Info.plist;
				IPHONEOS_DEPLOYMENT_TARGET = 8.0;
				LD_RUNPATH_SEARCH_PATHS = "$(inherited) @executable_path/Frameworks";
				PRODUCT_NAME = GroupMatch;
				PROVISIONING_PROFILE = "";
			};
			name = Debug;
		};
		C043657A1A626BA1000E0F15 /* Release */ = {
			isa = XCBuildConfiguration;
			buildSettings = {
				ASSETCATALOG_COMPILER_APPICON_NAME = AppIcon;
				CODE_SIGN_IDENTITY = "iPhone Developer";
				"CODE_SIGN_IDENTITY[sdk=iphoneos*]" = "iPhone Developer";
				INFOPLIST_FILE = MPCRevisited/Info.plist;
				IPHONEOS_DEPLOYMENT_TARGET = 8.0;
				LD_RUNPATH_SEARCH_PATHS = "$(inherited) @executable_path/Frameworks";
				PRODUCT_NAME = GroupMatch;
				PROVISIONING_PROFILE = "";
			};
			name = Release;
		};
		C043657C1A626BA1000E0F15 /* Debug */ = {
			isa = XCBuildConfiguration;
			buildSettings = {
				BUNDLE_LOADER = "$(TEST_HOST)";
				FRAMEWORK_SEARCH_PATHS = (
					"$(SDKROOT)/Developer/Library/Frameworks",
					"$(inherited)",
				);
				GCC_PREPROCESSOR_DEFINITIONS = (
					"DEBUG=1",
					"$(inherited)",
				);
				INFOPLIST_FILE = MPCRevisitedTests/Info.plist;
				LD_RUNPATH_SEARCH_PATHS = "$(inherited) @executable_path/Frameworks @loader_path/Frameworks";
				PRODUCT_NAME = GroupMatchTests;
				TEST_HOST = "$(BUILT_PRODUCTS_DIR)/MPCRevisited.app/MPCRevisited";
			};
			name = Debug;
		};
		C043657D1A626BA1000E0F15 /* Release */ = {
			isa = XCBuildConfiguration;
			buildSettings = {
				BUNDLE_LOADER = "$(TEST_HOST)";
				FRAMEWORK_SEARCH_PATHS = (
					"$(SDKROOT)/Developer/Library/Frameworks",
					"$(inherited)",
				);
				INFOPLIST_FILE = MPCRevisitedTests/Info.plist;
				LD_RUNPATH_SEARCH_PATHS = "$(inherited) @executable_path/Frameworks @loader_path/Frameworks";
				PRODUCT_NAME = GroupMatchTests;
				TEST_HOST = "$(BUILT_PRODUCTS_DIR)/MPCRevisited.app/MPCRevisited";
			};
			name = Release;
		};
/* End XCBuildConfiguration section */

/* Begin XCConfigurationList section */
		C04365541A626BA0000E0F15 /* Build configuration list for PBXProject "GroupMatch" */ = {
			isa = XCConfigurationList;
			buildConfigurations = (
				C04365761A626BA1000E0F15 /* Debug */,
				C04365771A626BA1000E0F15 /* Release */,
			);
			defaultConfigurationIsVisible = 0;
			defaultConfigurationName = Release;
		};
		C04365781A626BA1000E0F15 /* Build configuration list for PBXNativeTarget "GroupMatch" */ = {
			isa = XCConfigurationList;
			buildConfigurations = (
				C04365791A626BA1000E0F15 /* Debug */,
				C043657A1A626BA1000E0F15 /* Release */,
			);
			defaultConfigurationIsVisible = 0;
			defaultConfigurationName = Release;
		};
		C043657B1A626BA1000E0F15 /* Build configuration list for PBXNativeTarget "GroupMatchTests" */ = {
			isa = XCConfigurationList;
			buildConfigurations = (
				C043657C1A626BA1000E0F15 /* Debug */,
				C043657D1A626BA1000E0F15 /* Release */,
			);
			defaultConfigurationIsVisible = 0;
			defaultConfigurationName = Release;
		};
/* End XCConfigurationList section */
	};
	rootObject = C04365511A626BA0000E0F15 /* Project object */;
}
